
Microsoft Visual Studio Solution File, Format Version 12.00
# Visual Studio Version 17
VisualStudioVersion = 17.13.35818.85 d17.13
MinimumVisualStudioVersion = 10.0.40219.1
Project("{8BC9CEB8-8B4A-11D0-8D11-00A0C91BC942}") = "Oblig 3 VS2025", "Oblig 3 VS2025\Oblig 3 VS2025.vcxproj", "{11CC741C-619E-4148-9A9B-A212A88CCD02}"
EndProject
Global
	GlobalSection(SolutionConfigurationPlatforms) = preSolution
		Debug|x64 = Debug|x64
		Debug|x86 = Debug|x86
		Release|x64 = Release|x64
		Release|x86 = Release|x86
	EndGlobalSection
	GlobalSection(ProjectConfigurationPlatforms) = postSolution
		{11CC741C-619E-4148-9A9B-A212A88CCD02}.Debug|x64.ActiveCfg = Debug|x64
		{11CC741C-619E-4148-9A9B-A212A88CCD02}.Debug|x64.Build.0 = Debug|x64
		{11CC741C-619E-4148-9A9B-A212A88CCD02}.Debug|x86.ActiveCfg = Debug|Win32
		{11CC741C-619E-4148-9A9B-A212A88CCD02}.Debug|x86.Build.0 = Debug|Win32
		{11CC741C-619E-4148-9A9B-A212A88CCD02}.Release|x64.ActiveCfg = Release|x64
		{11CC741C-619E-4148-9A9B-A212A88CCD02}.Release|x64.Build.0 = Release|x64
		{11CC741C-619E-4148-9A9B-A212A88CCD02}.Release|x86.ActiveCfg = Release|Win32
		{11CC741C-619E-4148-9A9B-A212A88CCD02}.Release|x86.Build.0 = Release|Win32
	EndGlobalSection
	GlobalSection(SolutionProperties) = preSolution
		HideSolutionNode = FALSE
	EndGlobalSection
	GlobalSection(ExtensibilityGlobals) = postSolution
		SolutionGuid = {2B190BD6-9DFA-4C33-B54E-4B1C9A6B9997}
	EndGlobalSection
EndGlobal
